// !$*UTF8*$!
{
	archiveVersion = 1;
	classes = {
	};
	objectVersion = 46;
	objects = {

/* Begin PBXBuildFile section */
		234C0FA80A50A2605ABAD5BE /* Pods_Messaging_SamplerUITests.framework in Frameworks */ = {isa = PBXBuildFile; fileRef = B84D29528A6F8A29354CB515 /* Pods_Messaging_SamplerUITests.framework */; };
		39737E771D776F1100E70E5A /* AppDelegate.swift in Sources */ = {isa = PBXBuildFile; fileRef = 39737E761D776F1100E70E5A /* AppDelegate.swift */; };
		39737E791D776F1100E70E5A /* ViewController.swift in Sources */ = {isa = PBXBuildFile; fileRef = 39737E781D776F1100E70E5A /* ViewController.swift */; };
		39737E7C1D776F1100E70E5A /* Main.storyboard in Resources */ = {isa = PBXBuildFile; fileRef = 39737E7A1D776F1100E70E5A /* Main.storyboard */; };
		39737E7E1D776F1100E70E5A /* Assets.xcassets in Resources */ = {isa = PBXBuildFile; fileRef = 39737E7D1D776F1100E70E5A /* Assets.xcassets */; };
		39737E811D776F1100E70E5A /* LaunchScreen.storyboard in Resources */ = {isa = PBXBuildFile; fileRef = 39737E7F1D776F1100E70E5A /* LaunchScreen.storyboard */; };
		39737E8C1D776F1100E70E5A /* Messaging_SamplerTests.swift in Sources */ = {isa = PBXBuildFile; fileRef = 39737E8B1D776F1100E70E5A /* Messaging_SamplerTests.swift */; };
		39737E971D776F1100E70E5A /* Messaging_SamplerUITests.swift in Sources */ = {isa = PBXBuildFile; fileRef = 39737E961D776F1100E70E5A /* Messaging_SamplerUITests.swift */; };
		39737EA51D77703D00E70E5A /* GoogleService-Info.plist in Resources */ = {isa = PBXBuildFile; fileRef = 39737EA41D77703D00E70E5A /* GoogleService-Info.plist */; };
		39737EA91D777AAD00E70E5A /* SignupViewController.swift in Sources */ = {isa = PBXBuildFile; fileRef = 39737EA81D777AAD00E70E5A /* SignupViewController.swift */; };
		39737EAB1D777ABD00E70E5A /* LoginViewController.swift in Sources */ = {isa = PBXBuildFile; fileRef = 39737EAA1D777ABD00E70E5A /* LoginViewController.swift */; };
		39D101651D7A0DE6000B61F0 /* Utility.swift in Sources */ = {isa = PBXBuildFile; fileRef = 39D101641D7A0DE6000B61F0 /* Utility.swift */; };
		39D101671D7A1094000B61F0 /* AuthUtility.swift in Sources */ = {isa = PBXBuildFile; fileRef = 39D101661D7A1094000B61F0 /* AuthUtility.swift */; };
		39D1016A1D7A1D1A000B61F0 /* HomeViewController.swift in Sources */ = {isa = PBXBuildFile; fileRef = 39D101691D7A1D1A000B61F0 /* HomeViewController.swift */; };
		39DC19E01D7A8FA700A8498A /* HomeViewExtension.swift in Sources */ = {isa = PBXBuildFile; fileRef = 39DC19DF1D7A8FA700A8498A /* HomeViewExtension.swift */; };
		39DC19E41D7A90AF00A8498A /* HomeViewCell.swift in Sources */ = {isa = PBXBuildFile; fileRef = 39DC19E21D7A90AF00A8498A /* HomeViewCell.swift */; };
		39DC19E51D7A90AF00A8498A /* HomeViewCell.xib in Resources */ = {isa = PBXBuildFile; fileRef = 39DC19E31D7A90AF00A8498A /* HomeViewCell.xib */; };
		39DC19E81D7AC22C00A8498A /* MessageViewController.swift in Sources */ = {isa = PBXBuildFile; fileRef = 39DC19E71D7AC22C00A8498A /* MessageViewController.swift */; };
		39DC19EB1D7AD35200A8498A /* avatar-1.png in Resources */ = {isa = PBXBuildFile; fileRef = 39DC19E91D7AD35200A8498A /* avatar-1.png */; };
		39DC19EC1D7AD35200A8498A /* avatar.png in Resources */ = {isa = PBXBuildFile; fileRef = 39DC19EA1D7AD35200A8498A /* avatar.png */; };
		39DC19EF1D7ADE6600A8498A /* TalkListViewController.swift in Sources */ = {isa = PBXBuildFile; fileRef = 39DC19EE1D7ADE6600A8498A /* TalkListViewController.swift */; };
		39DC19F11D7ADECC00A8498A /* TalkListViewExtension.swift in Sources */ = {isa = PBXBuildFile; fileRef = 39DC19F01D7ADECC00A8498A /* TalkListViewExtension.swift */; };
		39DC19F71D7ADF5500A8498A /* TalkListViewCell.swift in Sources */ = {isa = PBXBuildFile; fileRef = 39DC19F51D7ADF5500A8498A /* TalkListViewCell.swift */; };
		39DC19F81D7ADF5500A8498A /* TalkListViewCell.xib in Resources */ = {isa = PBXBuildFile; fileRef = 39DC19F61D7ADF5500A8498A /* TalkListViewCell.xib */; };
		73AF2BFD686DCAC8973C55C2 /* Pods_Messaging_Sampler.framework in Frameworks */ = {isa = PBXBuildFile; fileRef = 8402D45F97B3F16007CC3186 /* Pods_Messaging_Sampler.framework */; };
		C0B6AFBE541AAD98871676E0 /* Pods_Messaging_SamplerTests.framework in Frameworks */ = {isa = PBXBuildFile; fileRef = 945309341BBFE42F658BA368 /* Pods_Messaging_SamplerTests.framework */; };
/* End PBXBuildFile section */

/* Begin PBXContainerItemProxy section */
		39737E881D776F1100E70E5A /* PBXContainerItemProxy */ = {
			isa = PBXContainerItemProxy;
			containerPortal = 39737E6B1D776F1100E70E5A /* Project object */;
			proxyType = 1;
			remoteGlobalIDString = 39737E721D776F1100E70E5A;
			remoteInfo = "Messaging-Sampler";
		};
		39737E931D776F1100E70E5A /* PBXContainerItemProxy */ = {
			isa = PBXContainerItemProxy;
			containerPortal = 39737E6B1D776F1100E70E5A /* Project object */;
			proxyType = 1;
			remoteGlobalIDString = 39737E721D776F1100E70E5A;
			remoteInfo = "Messaging-Sampler";
		};
/* End PBXContainerItemProxy section */

/* Begin PBXFileReference section */
		39737E731D776F1100E70E5A /* Messaging-Sampler.app */ = {isa = PBXFileReference; explicitFileType = wrapper.application; includeInIndex = 0; path = "Messaging-Sampler.app"; sourceTree = BUILT_PRODUCTS_DIR; };
		39737E761D776F1100E70E5A /* AppDelegate.swift */ = {isa = PBXFileReference; lastKnownFileType = sourcecode.swift; path = AppDelegate.swift; sourceTree = "<group>"; };
		39737E781D776F1100E70E5A /* ViewController.swift */ = {isa = PBXFileReference; lastKnownFileType = sourcecode.swift; path = ViewController.swift; sourceTree = "<group>"; };
		39737E7B1D776F1100E70E5A /* Base */ = {isa = PBXFileReference; lastKnownFileType = file.storyboard; name = Base; path = Base.lproj/Main.storyboard; sourceTree = "<group>"; };
		39737E7D1D776F1100E70E5A /* Assets.xcassets */ = {isa = PBXFileReference; lastKnownFileType = folder.assetcatalog; path = Assets.xcassets; sourceTree = "<group>"; };
		39737E801D776F1100E70E5A /* Base */ = {isa = PBXFileReference; lastKnownFileType = file.storyboard; name = Base; path = Base.lproj/LaunchScreen.storyboard; sourceTree = "<group>"; };
		39737E821D776F1100E70E5A /* Info.plist */ = {isa = PBXFileReference; lastKnownFileType = text.plist.xml; path = Info.plist; sourceTree = "<group>"; };
		39737E871D776F1100E70E5A /* Messaging-SamplerTests.xctest */ = {isa = PBXFileReference; explicitFileType = wrapper.cfbundle; includeInIndex = 0; path = "Messaging-SamplerTests.xctest"; sourceTree = BUILT_PRODUCTS_DIR; };
		39737E8B1D776F1100E70E5A /* Messaging_SamplerTests.swift */ = {isa = PBXFileReference; lastKnownFileType = sourcecode.swift; path = Messaging_SamplerTests.swift; sourceTree = "<group>"; };
		39737E8D1D776F1100E70E5A /* Info.plist */ = {isa = PBXFileReference; lastKnownFileType = text.plist.xml; path = Info.plist; sourceTree = "<group>"; };
		39737E921D776F1100E70E5A /* Messaging-SamplerUITests.xctest */ = {isa = PBXFileReference; explicitFileType = wrapper.cfbundle; includeInIndex = 0; path = "Messaging-SamplerUITests.xctest"; sourceTree = BUILT_PRODUCTS_DIR; };
		39737E961D776F1100E70E5A /* Messaging_SamplerUITests.swift */ = {isa = PBXFileReference; lastKnownFileType = sourcecode.swift; path = Messaging_SamplerUITests.swift; sourceTree = "<group>"; };
		39737E981D776F1100E70E5A /* Info.plist */ = {isa = PBXFileReference; lastKnownFileType = text.plist.xml; path = Info.plist; sourceTree = "<group>"; };
		39737EA41D77703D00E70E5A /* GoogleService-Info.plist */ = {isa = PBXFileReference; fileEncoding = 4; lastKnownFileType = text.plist.xml; path = "GoogleService-Info.plist"; sourceTree = "<group>"; };
		39737EA81D777AAD00E70E5A /* SignupViewController.swift */ = {isa = PBXFileReference; fileEncoding = 4; lastKnownFileType = sourcecode.swift; path = SignupViewController.swift; sourceTree = "<group>"; };
		39737EAA1D777ABD00E70E5A /* LoginViewController.swift */ = {isa = PBXFileReference; fileEncoding = 4; lastKnownFileType = sourcecode.swift; path = LoginViewController.swift; sourceTree = "<group>"; };
		39D101641D7A0DE6000B61F0 /* Utility.swift */ = {isa = PBXFileReference; fileEncoding = 4; lastKnownFileType = sourcecode.swift; path = Utility.swift; sourceTree = "<group>"; };
		39D101661D7A1094000B61F0 /* AuthUtility.swift */ = {isa = PBXFileReference; fileEncoding = 4; lastKnownFileType = sourcecode.swift; path = AuthUtility.swift; sourceTree = "<group>"; };
		39D101691D7A1D1A000B61F0 /* HomeViewController.swift */ = {isa = PBXFileReference; fileEncoding = 4; lastKnownFileType = sourcecode.swift; path = HomeViewController.swift; sourceTree = "<group>"; };
		39DC19DF1D7A8FA700A8498A /* HomeViewExtension.swift */ = {isa = PBXFileReference; fileEncoding = 4; lastKnownFileType = sourcecode.swift; path = HomeViewExtension.swift; sourceTree = "<group>"; };
		39DC19E21D7A90AF00A8498A /* HomeViewCell.swift */ = {isa = PBXFileReference; fileEncoding = 4; lastKnownFileType = sourcecode.swift; path = HomeViewCell.swift; sourceTree = "<group>"; };
		39DC19E31D7A90AF00A8498A /* HomeViewCell.xib */ = {isa = PBXFileReference; fileEncoding = 4; lastKnownFileType = file.xib; path = HomeViewCell.xib; sourceTree = "<group>"; };
		39DC19E71D7AC22C00A8498A /* MessageViewController.swift */ = {isa = PBXFileReference; fileEncoding = 4; lastKnownFileType = sourcecode.swift; path = MessageViewController.swift; sourceTree = "<group>"; };
		39DC19E91D7AD35200A8498A /* avatar-1.png */ = {isa = PBXFileReference; lastKnownFileType = image.png; path = "avatar-1.png"; sourceTree = "<group>"; };
		39DC19EA1D7AD35200A8498A /* avatar.png */ = {isa = PBXFileReference; lastKnownFileType = image.png; path = avatar.png; sourceTree = "<group>"; };
		39DC19EE1D7ADE6600A8498A /* TalkListViewController.swift */ = {isa = PBXFileReference; fileEncoding = 4; lastKnownFileType = sourcecode.swift; path = TalkListViewController.swift; sourceTree = "<group>"; };
		39DC19F01D7ADECC00A8498A /* TalkListViewExtension.swift */ = {isa = PBXFileReference; fileEncoding = 4; lastKnownFileType = sourcecode.swift; path = TalkListViewExtension.swift; sourceTree = "<group>"; };
		39DC19F51D7ADF5500A8498A /* TalkListViewCell.swift */ = {isa = PBXFileReference; fileEncoding = 4; lastKnownFileType = sourcecode.swift; path = TalkListViewCell.swift; sourceTree = "<group>"; };
		39DC19F61D7ADF5500A8498A /* TalkListViewCell.xib */ = {isa = PBXFileReference; fileEncoding = 4; lastKnownFileType = file.xib; path = TalkListViewCell.xib; sourceTree = "<group>"; };
		3CCDE134484575445B3A4419 /* Pods-Messaging-SamplerUITests.release.xcconfig */ = {isa = PBXFileReference; includeInIndex = 1; lastKnownFileType = text.xcconfig; name = "Pods-Messaging-SamplerUITests.release.xcconfig"; path = "Pods/Target Support Files/Pods-Messaging-SamplerUITests/Pods-Messaging-SamplerUITests.release.xcconfig"; sourceTree = "<group>"; };
		3D6426E30950FBDBC1A60290 /* Pods-Messaging-Sampler.debug.xcconfig */ = {isa = PBXFileReference; includeInIndex = 1; lastKnownFileType = text.xcconfig; name = "Pods-Messaging-Sampler.debug.xcconfig"; path = "Pods/Target Support Files/Pods-Messaging-Sampler/Pods-Messaging-Sampler.debug.xcconfig"; sourceTree = "<group>"; };
		46AF36D1CDCECDEEF33BDEB5 /* Pods-Messaging-SamplerUITests.debug.xcconfig */ = {isa = PBXFileReference; includeInIndex = 1; lastKnownFileType = text.xcconfig; name = "Pods-Messaging-SamplerUITests.debug.xcconfig"; path = "Pods/Target Support Files/Pods-Messaging-SamplerUITests/Pods-Messaging-SamplerUITests.debug.xcconfig"; sourceTree = "<group>"; };
		8402D45F97B3F16007CC3186 /* Pods_Messaging_Sampler.framework */ = {isa = PBXFileReference; explicitFileType = wrapper.framework; includeInIndex = 0; path = Pods_Messaging_Sampler.framework; sourceTree = BUILT_PRODUCTS_DIR; };
		945309341BBFE42F658BA368 /* Pods_Messaging_SamplerTests.framework */ = {isa = PBXFileReference; explicitFileType = wrapper.framework; includeInIndex = 0; path = Pods_Messaging_SamplerTests.framework; sourceTree = BUILT_PRODUCTS_DIR; };
		B84D29528A6F8A29354CB515 /* Pods_Messaging_SamplerUITests.framework */ = {isa = PBXFileReference; explicitFileType = wrapper.framework; includeInIndex = 0; path = Pods_Messaging_SamplerUITests.framework; sourceTree = BUILT_PRODUCTS_DIR; };
		D545EB7C2774BDC1AD8D2C85 /* Pods-Messaging-Sampler.release.xcconfig */ = {isa = PBXFileReference; includeInIndex = 1; lastKnownFileType = text.xcconfig; name = "Pods-Messaging-Sampler.release.xcconfig"; path = "Pods/Target Support Files/Pods-Messaging-Sampler/Pods-Messaging-Sampler.release.xcconfig"; sourceTree = "<group>"; };
		ED226CE4208A2E66A6336209 /* Pods-Messaging-SamplerTests.debug.xcconfig */ = {isa = PBXFileReference; includeInIndex = 1; lastKnownFileType = text.xcconfig; name = "Pods-Messaging-SamplerTests.debug.xcconfig"; path = "Pods/Target Support Files/Pods-Messaging-SamplerTests/Pods-Messaging-SamplerTests.debug.xcconfig"; sourceTree = "<group>"; };
		F96DB46E1DED5D1F1F9F333C /* Pods-Messaging-SamplerTests.release.xcconfig */ = {isa = PBXFileReference; includeInIndex = 1; lastKnownFileType = text.xcconfig; name = "Pods-Messaging-SamplerTests.release.xcconfig"; path = "Pods/Target Support Files/Pods-Messaging-SamplerTests/Pods-Messaging-SamplerTests.release.xcconfig"; sourceTree = "<group>"; };
/* End PBXFileReference section */

/* Begin PBXFrameworksBuildPhase section */
		39737E701D776F1100E70E5A /* Frameworks */ = {
			isa = PBXFrameworksBuildPhase;
			buildActionMask = 2147483647;
			files = (
				73AF2BFD686DCAC8973C55C2 /* Pods_Messaging_Sampler.framework in Frameworks */,
			);
			runOnlyForDeploymentPostprocessing = 0;
		};
		39737E841D776F1100E70E5A /* Frameworks */ = {
			isa = PBXFrameworksBuildPhase;
			buildActionMask = 2147483647;
			files = (
				C0B6AFBE541AAD98871676E0 /* Pods_Messaging_SamplerTests.framework in Frameworks */,
			);
			runOnlyForDeploymentPostprocessing = 0;
		};
		39737E8F1D776F1100E70E5A /* Frameworks */ = {
			isa = PBXFrameworksBuildPhase;
			buildActionMask = 2147483647;
			files = (
				234C0FA80A50A2605ABAD5BE /* Pods_Messaging_SamplerUITests.framework in Frameworks */,
			);
			runOnlyForDeploymentPostprocessing = 0;
		};
/* End PBXFrameworksBuildPhase section */

/* Begin PBXGroup section */
		2299A78C727FEC5774EDEF76 /* Frameworks */ = {
			isa = PBXGroup;
			children = (
				8402D45F97B3F16007CC3186 /* Pods_Messaging_Sampler.framework */,
				945309341BBFE42F658BA368 /* Pods_Messaging_SamplerTests.framework */,
				B84D29528A6F8A29354CB515 /* Pods_Messaging_SamplerUITests.framework */,
			);
			name = Frameworks;
			sourceTree = "<group>";
		};
		39737E6A1D776F1100E70E5A = {
			isa = PBXGroup;
			children = (
				39737E751D776F1100E70E5A /* Messaging-Sampler */,
				39737E8A1D776F1100E70E5A /* Messaging-SamplerTests */,
				39737E951D776F1100E70E5A /* Messaging-SamplerUITests */,
				39737E741D776F1100E70E5A /* Products */,
				FF217AD0A4001DD5B4A0B3BB /* Pods */,
				2299A78C727FEC5774EDEF76 /* Frameworks */,
			);
			sourceTree = "<group>";
		};
		39737E741D776F1100E70E5A /* Products */ = {
			isa = PBXGroup;
			children = (
				39737E731D776F1100E70E5A /* Messaging-Sampler.app */,
				39737E871D776F1100E70E5A /* Messaging-SamplerTests.xctest */,
				39737E921D776F1100E70E5A /* Messaging-SamplerUITests.xctest */,
			);
			name = Products;
			sourceTree = "<group>";
		};
		39737E751D776F1100E70E5A /* Messaging-Sampler */ = {
			isa = PBXGroup;
			children = (
				39DC19ED1D7AD35700A8498A /* Images */,
				39D101681D7A142C000B61F0 /* Util */,
				39DC19FB1D7ADFD700A8498A /* View */,
				39DC19FA1D7ADFC000A8498A /* Cell */,
				39737E761D776F1100E70E5A /* AppDelegate.swift */,
				39737E781D776F1100E70E5A /* ViewController.swift */,
				39737E7A1D776F1100E70E5A /* Main.storyboard */,
				39737E7D1D776F1100E70E5A /* Assets.xcassets */,
				39737E7F1D776F1100E70E5A /* LaunchScreen.storyboard */,
				39737EA41D77703D00E70E5A /* GoogleService-Info.plist */,
				39737E821D776F1100E70E5A /* Info.plist */,
			);
			path = "Messaging-Sampler";
			sourceTree = "<group>";
		};
		39737E8A1D776F1100E70E5A /* Messaging-SamplerTests */ = {
			isa = PBXGroup;
			children = (
				39737E8B1D776F1100E70E5A /* Messaging_SamplerTests.swift */,
				39737E8D1D776F1100E70E5A /* Info.plist */,
			);
			path = "Messaging-SamplerTests";
			sourceTree = "<group>";
		};
		39737E951D776F1100E70E5A /* Messaging-SamplerUITests */ = {
			isa = PBXGroup;
			children = (
				39737E961D776F1100E70E5A /* Messaging_SamplerUITests.swift */,
				39737E981D776F1100E70E5A /* Info.plist */,
			);
			path = "Messaging-SamplerUITests";
			sourceTree = "<group>";
		};
		39737EAC1D777AC900E70E5A /* Auth */ = {
			isa = PBXGroup;
			children = (
				39737EA81D777AAD00E70E5A /* SignupViewController.swift */,
				39737EAA1D777ABD00E70E5A /* LoginViewController.swift */,
			);
			name = Auth;
			sourceTree = "<group>";
		};
		39D101681D7A142C000B61F0 /* Util */ = {
			isa = PBXGroup;
			children = (
				39D101641D7A0DE6000B61F0 /* Utility.swift */,
				39D101661D7A1094000B61F0 /* AuthUtility.swift */,
			);
			name = Util;
			sourceTree = "<group>";
		};
		39DC19E11D7A8FAC00A8498A /* HomeView */ = {
			isa = PBXGroup;
			children = (
				39D101691D7A1D1A000B61F0 /* HomeViewController.swift */,
				39DC19DF1D7A8FA700A8498A /* HomeViewExtension.swift */,
			);
			name = HomeView;
			sourceTree = "<group>";
		};
		39DC19E61D7A90B600A8498A /* HomeCell */ = {
			isa = PBXGroup;
			children = (
				39DC19E21D7A90AF00A8498A /* HomeViewCell.swift */,
				39DC19E31D7A90AF00A8498A /* HomeViewCell.xib */,
			);
			name = HomeCell;
			sourceTree = "<group>";
		};
		39DC19ED1D7AD35700A8498A /* Images */ = {
			isa = PBXGroup;
			children = (
				39DC19E91D7AD35200A8498A /* avatar-1.png */,
				39DC19EA1D7AD35200A8498A /* avatar.png */,
			);
			name = Images;
			sourceTree = "<group>";
		};
		39DC19F21D7ADF2300A8498A /* TalkListView */ = {
			isa = PBXGroup;
			children = (
				39DC19EE1D7ADE6600A8498A /* TalkListViewController.swift */,
				39DC19F01D7ADECC00A8498A /* TalkListViewExtension.swift */,
			);
			name = TalkListView;
			sourceTree = "<group>";
		};
		39DC19F91D7ADF8300A8498A /* TalkListViewCell */ = {
			isa = PBXGroup;
			children = (
				39DC19F51D7ADF5500A8498A /* TalkListViewCell.swift */,
				39DC19F61D7ADF5500A8498A /* TalkListViewCell.xib */,
			);
			name = TalkListViewCell;
			sourceTree = "<group>";
		};
		39DC19FA1D7ADFC000A8498A /* Cell */ = {
			isa = PBXGroup;
			children = (
				39DC19E61D7A90B600A8498A /* HomeCell */,
				39DC19F91D7ADF8300A8498A /* TalkListViewCell */,
			);
			name = Cell;
			sourceTree = "<group>";
		};
		39DC19FB1D7ADFD700A8498A /* View */ = {
			isa = PBXGroup;
			children = (
				39737EAC1D777AC900E70E5A /* Auth */,
				39DC19E11D7A8FAC00A8498A /* HomeView */,
				39DC19E71D7AC22C00A8498A /* MessageViewController.swift */,
				39DC19F21D7ADF2300A8498A /* TalkListView */,
			);
			name = View;
			sourceTree = "<group>";
		};
		FF217AD0A4001DD5B4A0B3BB /* Pods */ = {
			isa = PBXGroup;
			children = (
				3D6426E30950FBDBC1A60290 /* Pods-Messaging-Sampler.debug.xcconfig */,
				D545EB7C2774BDC1AD8D2C85 /* Pods-Messaging-Sampler.release.xcconfig */,
				ED226CE4208A2E66A6336209 /* Pods-Messaging-SamplerTests.debug.xcconfig */,
				F96DB46E1DED5D1F1F9F333C /* Pods-Messaging-SamplerTests.release.xcconfig */,
				46AF36D1CDCECDEEF33BDEB5 /* Pods-Messaging-SamplerUITests.debug.xcconfig */,
				3CCDE134484575445B3A4419 /* Pods-Messaging-SamplerUITests.release.xcconfig */,
			);
			name = Pods;
			sourceTree = "<group>";
		};
/* End PBXGroup section */

/* Begin PBXNativeTarget section */
		39737E721D776F1100E70E5A /* Messaging-Sampler */ = {
			isa = PBXNativeTarget;
			buildConfigurationList = 39737E9B1D776F1100E70E5A /* Build configuration list for PBXNativeTarget "Messaging-Sampler" */;
			buildPhases = (
				3B078376F439310BBFF6CBE2 /* [CP] Check Pods Manifest.lock */,
				39737E6F1D776F1100E70E5A /* Sources */,
				39737E701D776F1100E70E5A /* Frameworks */,
				39737E711D776F1100E70E5A /* Resources */,
				8A930CD5FE0D6C4907F47043 /* [CP] Embed Pods Frameworks */,
				9E8454DA3D5D34EE86D254FE /* [CP] Copy Pods Resources */,
			);
			buildRules = (
			);
			dependencies = (
			);
			name = "Messaging-Sampler";
			productName = "Messaging-Sampler";
			productReference = 39737E731D776F1100E70E5A /* Messaging-Sampler.app */;
			productType = "com.apple.product-type.application";
		};
		39737E861D776F1100E70E5A /* Messaging-SamplerTests */ = {
			isa = PBXNativeTarget;
			buildConfigurationList = 39737E9E1D776F1100E70E5A /* Build configuration list for PBXNativeTarget "Messaging-SamplerTests" */;
			buildPhases = (
				3886496E4C8F6DF9F3BA4CD6 /* [CP] Check Pods Manifest.lock */,
				39737E831D776F1100E70E5A /* Sources */,
				39737E841D776F1100E70E5A /* Frameworks */,
				39737E851D776F1100E70E5A /* Resources */,
				1E756E1275C06AB1D9557DB8 /* [CP] Embed Pods Frameworks */,
				2D7CFB16B2F41F9BD66BC510 /* [CP] Copy Pods Resources */,
			);
			buildRules = (
			);
			dependencies = (
				39737E891D776F1100E70E5A /* PBXTargetDependency */,
			);
			name = "Messaging-SamplerTests";
			productName = "Messaging-SamplerTests";
			productReference = 39737E871D776F1100E70E5A /* Messaging-SamplerTests.xctest */;
			productType = "com.apple.product-type.bundle.unit-test";
		};
		39737E911D776F1100E70E5A /* Messaging-SamplerUITests */ = {
			isa = PBXNativeTarget;
			buildConfigurationList = 39737EA11D776F1100E70E5A /* Build configuration list for PBXNativeTarget "Messaging-SamplerUITests" */;
			buildPhases = (
				A5CDB19E82C7FE3D08DF8B42 /* [CP] Check Pods Manifest.lock */,
				39737E8E1D776F1100E70E5A /* Sources */,
				39737E8F1D776F1100E70E5A /* Frameworks */,
				39737E901D776F1100E70E5A /* Resources */,
				36D764F5621279443BA601CB /* [CP] Copy Pods Resources */,
			);
			buildRules = (
			);
			dependencies = (
				39737E941D776F1100E70E5A /* PBXTargetDependency */,
			);
			name = "Messaging-SamplerUITests";
			productName = "Messaging-SamplerUITests";
			productReference = 39737E921D776F1100E70E5A /* Messaging-SamplerUITests.xctest */;
			productType = "com.apple.product-type.bundle.ui-testing";
		};
/* End PBXNativeTarget section */

/* Begin PBXProject section */
		39737E6B1D776F1100E70E5A /* Project object */ = {
			isa = PBXProject;
			attributes = {
				LastSwiftUpdateCheck = 0730;
				LastUpgradeCheck = 0730;
				ORGANIZATIONNAME = ShinokiRyosei;
				TargetAttributes = {
					39737E721D776F1100E70E5A = {
						CreatedOnToolsVersion = 7.3.1;
						DevelopmentTeam = SLHYE76MHB;
						SystemCapabilities = {
							com.apple.BackgroundModes = {
								enabled = 1;
							};
							com.apple.Push = {
								enabled = 1;
							};
						};
					};
					39737E861D776F1100E70E5A = {
						CreatedOnToolsVersion = 7.3.1;
						TestTargetID = 39737E721D776F1100E70E5A;
					};
					39737E911D776F1100E70E5A = {
						CreatedOnToolsVersion = 7.3.1;
						TestTargetID = 39737E721D776F1100E70E5A;
					};
				};
			};
			buildConfigurationList = 39737E6E1D776F1100E70E5A /* Build configuration list for PBXProject "Messaging-Sampler" */;
			compatibilityVersion = "Xcode 3.2";
			developmentRegion = English;
			hasScannedForEncodings = 0;
			knownRegions = (
				en,
				Base,
			);
			mainGroup = 39737E6A1D776F1100E70E5A;
			productRefGroup = 39737E741D776F1100E70E5A /* Products */;
			projectDirPath = "";
			projectRoot = "";
			targets = (
				39737E721D776F1100E70E5A /* Messaging-Sampler */,
				39737E861D776F1100E70E5A /* Messaging-SamplerTests */,
				39737E911D776F1100E70E5A /* Messaging-SamplerUITests */,
			);
		};
/* End PBXProject section */

/* Begin PBXResourcesBuildPhase section */
		39737E711D776F1100E70E5A /* Resources */ = {
			isa = PBXResourcesBuildPhase;
			buildActionMask = 2147483647;
			files = (
				39DC19F81D7ADF5500A8498A /* TalkListViewCell.xib in Resources */,
				39737E811D776F1100E70E5A /* LaunchScreen.storyboard in Resources */,
				39DC19EC1D7AD35200A8498A /* avatar.png in Resources */,
				39737EA51D77703D00E70E5A /* GoogleService-Info.plist in Resources */,
				39DC19EB1D7AD35200A8498A /* avatar-1.png in Resources */,
				39737E7E1D776F1100E70E5A /* Assets.xcassets in Resources */,
				39DC19E51D7A90AF00A8498A /* HomeViewCell.xib in Resources */,
				39737E7C1D776F1100E70E5A /* Main.storyboard in Resources */,
			);
			runOnlyForDeploymentPostprocessing = 0;
		};
		39737E851D776F1100E70E5A /* Resources */ = {
			isa = PBXResourcesBuildPhase;
			buildActionMask = 2147483647;
			files = (
			);
			runOnlyForDeploymentPostprocessing = 0;
		};
		39737E901D776F1100E70E5A /* Resources */ = {
			isa = PBXResourcesBuildPhase;
			buildActionMask = 2147483647;
			files = (
			);
			runOnlyForDeploymentPostprocessing = 0;
		};
/* End PBXResourcesBuildPhase section */

/* Begin PBXShellScriptBuildPhase section */
		1E756E1275C06AB1D9557DB8 /* [CP] Embed Pods Frameworks */ = {
			isa = PBXShellScriptBuildPhase;
			buildActionMask = 2147483647;
			files = (
			);
			inputPaths = (
			);
			name = "[CP] Embed Pods Frameworks";
			outputPaths = (
			);
			runOnlyForDeploymentPostprocessing = 0;
			shellPath = /bin/sh;
			shellScript = "\"${SRCROOT}/Pods/Target Support Files/Pods-Messaging-SamplerTests/Pods-Messaging-SamplerTests-frameworks.sh\"\n";
			showEnvVarsInLog = 0;
		};
		2D7CFB16B2F41F9BD66BC510 /* [CP] Copy Pods Resources */ = {
			isa = PBXShellScriptBuildPhase;
			buildActionMask = 2147483647;
			files = (
			);
			inputPaths = (
			);
			name = "[CP] Copy Pods Resources";
			outputPaths = (
			);
			runOnlyForDeploymentPostprocessing = 0;
			shellPath = /bin/sh;
			shellScript = "\"${SRCROOT}/Pods/Target Support Files/Pods-Messaging-SamplerTests/Pods-Messaging-SamplerTests-resources.sh\"\n";
			showEnvVarsInLog = 0;
		};
		36D764F5621279443BA601CB /* [CP] Copy Pods Resources */ = {
			isa = PBXShellScriptBuildPhase;
			buildActionMask = 2147483647;
			files = (
			);
			inputPaths = (
			);
			name = "[CP] Copy Pods Resources";
			outputPaths = (
			);
			runOnlyForDeploymentPostprocessing = 0;
			shellPath = /bin/sh;
			shellScript = "\"${SRCROOT}/Pods/Target Support Files/Pods-Messaging-SamplerUITests/Pods-Messaging-SamplerUITests-resources.sh\"\n";
			showEnvVarsInLog = 0;
		};
		3886496E4C8F6DF9F3BA4CD6 /* [CP] Check Pods Manifest.lock */ = {
			isa = PBXShellScriptBuildPhase;
			buildActionMask = 2147483647;
			files = (
			);
			inputPaths = (
			);
			name = "[CP] Check Pods Manifest.lock";
			outputPaths = (
			);
			runOnlyForDeploymentPostprocessing = 0;
			shellPath = /bin/sh;
			shellScript = "diff \"${PODS_ROOT}/../Podfile.lock\" \"${PODS_ROOT}/Manifest.lock\" > /dev/null\nif [[ $? != 0 ]] ; then\n    cat << EOM\nerror: The sandbox is not in sync with the Podfile.lock. Run 'pod install' or update your CocoaPods installation.\nEOM\n    exit 1\nfi\n";
			showEnvVarsInLog = 0;
		};
		3B078376F439310BBFF6CBE2 /* [CP] Check Pods Manifest.lock */ = {
			isa = PBXShellScriptBuildPhase;
			buildActionMask = 2147483647;
			files = (
			);
			inputPaths = (
			);
			name = "[CP] Check Pods Manifest.lock";
			outputPaths = (
			);
			runOnlyForDeploymentPostprocessing = 0;
			shellPath = /bin/sh;
			shellScript = "diff \"${PODS_ROOT}/../Podfile.lock\" \"${PODS_ROOT}/Manifest.lock\" > /dev/null\nif [[ $? != 0 ]] ; then\n    cat << EOM\nerror: The sandbox is not in sync with the Podfile.lock. Run 'pod install' or update your CocoaPods installation.\nEOM\n    exit 1\nfi\n";
			showEnvVarsInLog = 0;
		};
		8A930CD5FE0D6C4907F47043 /* [CP] Embed Pods Frameworks */ = {
			isa = PBXShellScriptBuildPhase;
			buildActionMask = 2147483647;
			files = (
			);
			inputPaths = (
			);
			name = "[CP] Embed Pods Frameworks";
			outputPaths = (
			);
			runOnlyForDeploymentPostprocessing = 0;
			shellPath = /bin/sh;
			shellScript = "\"${SRCROOT}/Pods/Target Support Files/Pods-Messaging-Sampler/Pods-Messaging-Sampler-frameworks.sh\"\n";
			showEnvVarsInLog = 0;
		};
		9E8454DA3D5D34EE86D254FE /* [CP] Copy Pods Resources */ = {
			isa = PBXShellScriptBuildPhase;
			buildActionMask = 2147483647;
			files = (
			);
			inputPaths = (
			);
			name = "[CP] Copy Pods Resources";
			outputPaths = (
			);
			runOnlyForDeploymentPostprocessing = 0;
			shellPath = /bin/sh;
			shellScript = "\"${SRCROOT}/Pods/Target Support Files/Pods-Messaging-Sampler/Pods-Messaging-Sampler-resources.sh\"\n";
			showEnvVarsInLog = 0;
		};
		A5CDB19E82C7FE3D08DF8B42 /* [CP] Check Pods Manifest.lock */ = {
			isa = PBXShellScriptBuildPhase;
			buildActionMask = 2147483647;
			files = (
			);
			inputPaths = (
			);
			name = "[CP] Check Pods Manifest.lock";
			outputPaths = (
			);
			runOnlyForDeploymentPostprocessing = 0;
			shellPath = /bin/sh;
			shellScript = "diff \"${PODS_ROOT}/../Podfile.lock\" \"${PODS_ROOT}/Manifest.lock\" > /dev/null\nif [[ $? != 0 ]] ; then\n    cat << EOM\nerror: The sandbox is not in sync with the Podfile.lock. Run 'pod install' or update your CocoaPods installation.\nEOM\n    exit 1\nfi\n";
			showEnvVarsInLog = 0;
		};
/* End PBXShellScriptBuildPhase section */

/* Begin PBXSourcesBuildPhase section */
		39737E6F1D776F1100E70E5A /* Sources */ = {
			isa = PBXSourcesBuildPhase;
			buildActionMask = 2147483647;
			files = (
				39DC19EF1D7ADE6600A8498A /* TalkListViewController.swift in Sources */,
				39D101651D7A0DE6000B61F0 /* Utility.swift in Sources */,
				39737EAB1D777ABD00E70E5A /* LoginViewController.swift in Sources */,
				39737EA91D777AAD00E70E5A /* SignupViewController.swift in Sources */,
				39DC19E01D7A8FA700A8498A /* HomeViewExtension.swift in Sources */,
				39DC19E81D7AC22C00A8498A /* MessageViewController.swift in Sources */,
				39737E791D776F1100E70E5A /* ViewController.swift in Sources */,
				39D101671D7A1094000B61F0 /* AuthUtility.swift in Sources */,
				39D1016A1D7A1D1A000B61F0 /* HomeViewController.swift in Sources */,
				39737E771D776F1100E70E5A /* AppDelegate.swift in Sources */,
				39DC19F71D7ADF5500A8498A /* TalkListViewCell.swift in Sources */,
				39DC19F11D7ADECC00A8498A /* TalkListViewExtension.swift in Sources */,
				39DC19E41D7A90AF00A8498A /* HomeViewCell.swift in Sources */,
			);
			runOnlyForDeploymentPostprocessing = 0;
		};
		39737E831D776F1100E70E5A /* Sources */ = {
			isa = PBXSourcesBuildPhase;
			buildActionMask = 2147483647;
			files = (
				39737E8C1D776F1100E70E5A /* Messaging_SamplerTests.swift in Sources */,
			);
			runOnlyForDeploymentPostprocessing = 0;
		};
		39737E8E1D776F1100E70E5A /* Sources */ = {
			isa = PBXSourcesBuildPhase;
			buildActionMask = 2147483647;
			files = (
				39737E971D776F1100E70E5A /* Messaging_SamplerUITests.swift in Sources */,
			);
			runOnlyForDeploymentPostprocessing = 0;
		};
/* End PBXSourcesBuildPhase section */

/* Begin PBXTargetDependency section */
		39737E891D776F1100E70E5A /* PBXTargetDependency */ = {
			isa = PBXTargetDependency;
			target = 39737E721D776F1100E70E5A /* Messaging-Sampler */;
			targetProxy = 39737E881D776F1100E70E5A /* PBXContainerItemProxy */;
		};
		39737E941D776F1100E70E5A /* PBXTargetDependency */ = {
			isa = PBXTargetDependency;
			target = 39737E721D776F1100E70E5A /* Messaging-Sampler */;
			targetProxy = 39737E931D776F1100E70E5A /* PBXContainerItemProxy */;
		};
/* End PBXTargetDependency section */

/* Begin PBXVariantGroup section */
		39737E7A1D776F1100E70E5A /* Main.storyboard */ = {
			isa = PBXVariantGroup;
			children = (
				39737E7B1D776F1100E70E5A /* Base */,
			);
			name = Main.storyboard;
			sourceTree = "<group>";
		};
		39737E7F1D776F1100E70E5A /* LaunchScreen.storyboard */ = {
			isa = PBXVariantGroup;
			children = (
				39737E801D776F1100E70E5A /* Base */,
			);
			name = LaunchScreen.storyboard;
			sourceTree = "<group>";
		};
/* End PBXVariantGroup section */

/* Begin XCBuildConfiguration section */
		39737E991D776F1100E70E5A /* Debug */ = {
			isa = XCBuildConfiguration;
			buildSettings = {
				ALWAYS_SEARCH_USER_PATHS = NO;
				CLANG_ANALYZER_NONNULL = YES;
				CLANG_CXX_LANGUAGE_STANDARD = "gnu++0x";
				CLANG_CXX_LIBRARY = "libc++";
				CLANG_ENABLE_MODULES = YES;
				CLANG_ENABLE_OBJC_ARC = YES;
				CLANG_WARN_BOOL_CONVERSION = YES;
				CLANG_WARN_CONSTANT_CONVERSION = YES;
				CLANG_WARN_DIRECT_OBJC_ISA_USAGE = YES_ERROR;
				CLANG_WARN_EMPTY_BODY = YES;
				CLANG_WARN_ENUM_CONVERSION = YES;
				CLANG_WARN_INT_CONVERSION = YES;
				CLANG_WARN_OBJC_ROOT_CLASS = YES_ERROR;
				CLANG_WARN_UNREACHABLE_CODE = YES;
				CLANG_WARN__DUPLICATE_METHOD_MATCH = YES;
				"CODE_SIGN_IDENTITY[sdk=iphoneos*]" = "iPhone Developer";
				COPY_PHASE_STRIP = NO;
				DEBUG_INFORMATION_FORMAT = dwarf;
				ENABLE_STRICT_OBJC_MSGSEND = YES;
				ENABLE_TESTABILITY = YES;
				GCC_C_LANGUAGE_STANDARD = gnu99;
				GCC_DYNAMIC_NO_PIC = NO;
				GCC_NO_COMMON_BLOCKS = YES;
				GCC_OPTIMIZATION_LEVEL = 0;
				GCC_PREPROCESSOR_DEFINITIONS = (
					"DEBUG=1",
					"$(inherited)",
				);
				GCC_WARN_64_TO_32_BIT_CONVERSION = YES;
				GCC_WARN_ABOUT_RETURN_TYPE = YES_ERROR;
				GCC_WARN_UNDECLARED_SELECTOR = YES;
				GCC_WARN_UNINITIALIZED_AUTOS = YES_AGGRESSIVE;
				GCC_WARN_UNUSED_FUNCTION = YES;
				GCC_WARN_UNUSED_VARIABLE = YES;
				IPHONEOS_DEPLOYMENT_TARGET = 9.3;
				MTL_ENABLE_DEBUG_INFO = YES;
				ONLY_ACTIVE_ARCH = YES;
				SDKROOT = iphoneos;
				SWIFT_OPTIMIZATION_LEVEL = "-Onone";
			};
			name = Debug;
		};
		39737E9A1D776F1100E70E5A /* Release */ = {
			isa = XCBuildConfiguration;
			buildSettings = {
				ALWAYS_SEARCH_USER_PATHS = NO;
				CLANG_ANALYZER_NONNULL = YES;
				CLANG_CXX_LANGUAGE_STANDARD = "gnu++0x";
				CLANG_CXX_LIBRARY = "libc++";
				CLANG_ENABLE_MODULES = YES;
				CLANG_ENABLE_OBJC_ARC = YES;
				CLANG_WARN_BOOL_CONVERSION = YES;
				CLANG_WARN_CONSTANT_CONVERSION = YES;
				CLANG_WARN_DIRECT_OBJC_ISA_USAGE = YES_ERROR;
				CLANG_WARN_EMPTY_BODY = YES;
				CLANG_WARN_ENUM_CONVERSION = YES;
				CLANG_WARN_INT_CONVERSION = YES;
				CLANG_WARN_OBJC_ROOT_CLASS = YES_ERROR;
				CLANG_WARN_UNREACHABLE_CODE = YES;
				CLANG_WARN__DUPLICATE_METHOD_MATCH = YES;
				"CODE_SIGN_IDENTITY[sdk=iphoneos*]" = "iPhone Developer";
				COPY_PHASE_STRIP = NO;
				DEBUG_INFORMATION_FORMAT = "dwarf-with-dsym";
				ENABLE_NS_ASSERTIONS = NO;
				ENABLE_STRICT_OBJC_MSGSEND = YES;
				GCC_C_LANGUAGE_STANDARD = gnu99;
				GCC_NO_COMMON_BLOCKS = YES;
				GCC_WARN_64_TO_32_BIT_CONVERSION = YES;
				GCC_WARN_ABOUT_RETURN_TYPE = YES_ERROR;
				GCC_WARN_UNDECLARED_SELECTOR = YES;
				GCC_WARN_UNINITIALIZED_AUTOS = YES_AGGRESSIVE;
				GCC_WARN_UNUSED_FUNCTION = YES;
				GCC_WARN_UNUSED_VARIABLE = YES;
				IPHONEOS_DEPLOYMENT_TARGET = 9.3;
				MTL_ENABLE_DEBUG_INFO = NO;
				SDKROOT = iphoneos;
				VALIDATE_PRODUCT = YES;
			};
			name = Release;
		};
		39737E9C1D776F1100E70E5A /* Debug */ = {
			isa = XCBuildConfiguration;
			baseConfigurationReference = 3D6426E30950FBDBC1A60290 /* Pods-Messaging-Sampler.debug.xcconfig */;
			buildSettings = {
				ASSETCATALOG_COMPILER_APPICON_NAME = AppIcon;
				CODE_SIGN_IDENTITY = "iPhone Developer";
				INFOPLIST_FILE = "Messaging-Sampler/Info.plist";
				LD_RUNPATH_SEARCH_PATHS = "$(inherited) @executable_path/Frameworks";
				PRODUCT_BUNDLE_IDENTIFIER = "tv.shinoki.Messaging-Sampler";
				PRODUCT_NAME = "$(TARGET_NAME)";
			};
			name = Debug;
		};
		39737E9D1D776F1100E70E5A /* Release */ = {
			isa = XCBuildConfiguration;
			baseConfigurationReference = D545EB7C2774BDC1AD8D2C85 /* Pods-Messaging-Sampler.release.xcconfig */;
			buildSettings = {
				ASSETCATALOG_COMPILER_APPICON_NAME = AppIcon;
				CODE_SIGN_IDENTITY = "iPhone Developer";
				INFOPLIST_FILE = "Messaging-Sampler/Info.plist";
				LD_RUNPATH_SEARCH_PATHS = "$(inherited) @executable_path/Frameworks";
				PRODUCT_BUNDLE_IDENTIFIER = "tv.shinoki.Messaging-Sampler";
				PRODUCT_NAME = "$(TARGET_NAME)";
			};
			name = Release;
		};
		39737E9F1D776F1100E70E5A /* Debug */ = {
			isa = XCBuildConfiguration;
			baseConfigurationReference = ED226CE4208A2E66A6336209 /* Pods-Messaging-SamplerTests.debug.xcconfig */;
			buildSettings = {
				BUNDLE_LOADER = "$(TEST_HOST)";
				INFOPLIST_FILE = "Messaging-SamplerTests/Info.plist";
				LD_RUNPATH_SEARCH_PATHS = "$(inherited) @executable_path/Frameworks @loader_path/Frameworks";
				PRODUCT_BUNDLE_IDENTIFIER = "tv.shinoki.Messaging-SamplerTests";
				PRODUCT_NAME = "$(TARGET_NAME)";
				TEST_HOST = "$(BUILT_PRODUCTS_DIR)/Messaging-Sampler.app/Messaging-Sampler";
			};
			name = Debug;
		};
		39737EA01D776F1100E70E5A /* Release */ = {
			isa = XCBuildConfiguration;
			baseConfigurationReference = F96DB46E1DED5D1F1F9F333C /* Pods-Messaging-SamplerTests.release.xcconfig */;
			buildSettings = {
				BUNDLE_LOADER = "$(TEST_HOST)";
				INFOPLIST_FILE = "Messaging-SamplerTests/Info.plist";
				LD_RUNPATH_SEARCH_PATHS = "$(inherited) @executable_path/Frameworks @loader_path/Frameworks";
				PRODUCT_BUNDLE_IDENTIFIER = "tv.shinoki.Messaging-SamplerTests";
				PRODUCT_NAME = "$(TARGET_NAME)";
				TEST_HOST = "$(BUILT_PRODUCTS_DIR)/Messaging-Sampler.app/Messaging-Sampler";
			};
			name = Release;
		};
		39737EA21D776F1100E70E5A /* Debug */ = {
			isa = XCBuildConfiguration;
			baseConfigurationReference = 46AF36D1CDCECDEEF33BDEB5 /* Pods-Messaging-SamplerUITests.debug.xcconfig */;
			buildSettings = {
				INFOPLIST_FILE = "Messaging-SamplerUITests/Info.plist";
				LD_RUNPATH_SEARCH_PATHS = "$(inherited) @executable_path/Frameworks @loader_path/Frameworks";
				PRODUCT_BUNDLE_IDENTIFIER = "tv.shinoki.Messaging-SamplerUITests";
				PRODUCT_NAME = "$(TARGET_NAME)";
				TEST_TARGET_NAME = "Messaging-Sampler";
			};
			name = Debug;
		};
		39737EA31D776F1100E70E5A /* Release */ = {
			isa = XCBuildConfiguration;
			baseConfigurationReference = 3CCDE134484575445B3A4419 /* Pods-Messaging-SamplerUITests.release.xcconfig */;
			buildSettings = {
				INFOPLIST_FILE = "Messaging-SamplerUITests/Info.plist";
				LD_RUNPATH_SEARCH_PATHS = "$(inherited) @executable_path/Frameworks @loader_path/Frameworks";
				PRODUCT_BUNDLE_IDENTIFIER = "tv.shinoki.Messaging-SamplerUITests";
				PRODUCT_NAME = "$(TARGET_NAME)";
				TEST_TARGET_NAME = "Messaging-Sampler";
			};
			name = Release;
		};
/* End XCBuildConfiguration section */

/* Begin XCConfigurationList section */
		39737E6E1D776F1100E70E5A /* Build configuration list for PBXProject "Messaging-Sampler" */ = {
			isa = XCConfigurationList;
			buildConfigurations = (
				39737E991D776F1100E70E5A /* Debug */,
				39737E9A1D776F1100E70E5A /* Release */,
			);
			defaultConfigurationIsVisible = 0;
			defaultConfigurationName = Release;
		};
		39737E9B1D776F1100E70E5A /* Build configuration list for PBXNativeTarget "Messaging-Sampler" */ = {
			isa = XCConfigurationList;
			buildConfigurations = (
				39737E9C1D776F1100E70E5A /* Debug */,
				39737E9D1D776F1100E70E5A /* Release */,
			);
			defaultConfigurationIsVisible = 0;
			defaultConfigurationName = Release;
		};
		39737E9E1D776F1100E70E5A /* Build configuration list for PBXNativeTarget "Messaging-SamplerTests" */ = {
			isa = XCConfigurationList;
			buildConfigurations = (
				39737E9F1D776F1100E70E5A /* Debug */,
				39737EA01D776F1100E70E5A /* Release */,
			);
			defaultConfigurationIsVisible = 0;
			defaultConfigurationName = Release;
		};
		39737EA11D776F1100E70E5A /* Build configuration list for PBXNativeTarget "Messaging-SamplerUITests" */ = {
			isa = XCConfigurationList;
			buildConfigurations = (
				39737EA21D776F1100E70E5A /* Debug */,
				39737EA31D776F1100E70E5A /* Release */,
			);
			defaultConfigurationIsVisible = 0;
			defaultConfigurationName = Release;
		};
/* End XCConfigurationList section */
	};
	rootObject = 39737E6B1D776F1100E70E5A /* Project object */;
}
